# This file is automatically @generated by Cargo.
# It is not intended for manual editing.
version = 3

[[package]]
name = "aoc-2022"
version = "0.1.0"
dependencies = [
 "day_1",
 "day_10",
 "day_2",
 "day_3",
 "day_4",
 "day_5",
 "day_6",
 "day_7",
 "day_8",
 "day_9",
]

[[package]]
name = "day_1"
version = "0.1.0"

[[package]]
name = "day_10"
version = "0.1.0"

[[package]]
name = "day_2"
version = "0.1.0"

[[package]]
name = "day_3"
version = "0.1.0"

[[package]]
name = "day_4"
version = "0.1.0"

[[package]]
name = "day_5"
version = "0.1.0"

[[package]]
name = "day_6"
version = "0.1.0"

[[package]]
name = "day_7"
version = "0.1.0"

[[package]]
name = "day_8"
version = "0.1.0"

[[package]]
name = "day_9"
version = "0.1.0"
